// !$*UTF8*$!
{
	archiveVersion = 1;
	classes = {
	};
	objectVersion = 48;
	objects = {

/* Begin PBXBuildFile section */
		4E6E8F1F60FF032B9009A67F /* Pods_Weather_Gift.framework in Frameworks */ = {isa = PBXBuildFile; fileRef = 4ACD73159C946DD1CFE9295A /* Pods_Weather_Gift.framework */; };
		D60919A01F9EDB60005D27D0 /* WeatherLocation.swift in Sources */ = {isa = PBXBuildFile; fileRef = D609199F1F9EDB60005D27D0 /* WeatherLocation.swift */; };
		D60919A21F9F6E12005D27D0 /* Constants.swift in Sources */ = {isa = PBXBuildFile; fileRef = D60919A11F9F6E12005D27D0 /* Constants.swift */; };
		D619D0761F954143001693EB /* PageVC.swift in Sources */ = {isa = PBXBuildFile; fileRef = D619D0751F954143001693EB /* PageVC.swift */; };
		D65661A81F94F138005CFDA8 /* AppDelegate.swift in Sources */ = {isa = PBXBuildFile; fileRef = D65661A71F94F138005CFDA8 /* AppDelegate.swift */; };
		D65661AD1F94F138005CFDA8 /* Main.storyboard in Resources */ = {isa = PBXBuildFile; fileRef = D65661AB1F94F138005CFDA8 /* Main.storyboard */; };
		D65661AF1F94F138005CFDA8 /* Assets.xcassets in Resources */ = {isa = PBXBuildFile; fileRef = D65661AE1F94F138005CFDA8 /* Assets.xcassets */; };
		D65661B21F94F138005CFDA8 /* LaunchScreen.storyboard in Resources */ = {isa = PBXBuildFile; fileRef = D65661B01F94F138005CFDA8 /* LaunchScreen.storyboard */; };
		D65661BC1F94F822005CFDA8 /* DetailVC.swift in Sources */ = {isa = PBXBuildFile; fileRef = D65661BB1F94F822005CFDA8 /* DetailVC.swift */; };
		D65661BE1F952581005CFDA8 /* ListVC.swift in Sources */ = {isa = PBXBuildFile; fileRef = D65661BD1F952581005CFDA8 /* ListVC.swift */; };
/* End PBXBuildFile section */

/* Begin PBXFileReference section */
		4ACD73159C946DD1CFE9295A /* Pods_Weather_Gift.framework */ = {isa = PBXFileReference; explicitFileType = wrapper.framework; includeInIndex = 0; path = Pods_Weather_Gift.framework; sourceTree = BUILT_PRODUCTS_DIR; };
		B7DD6EEB2D0FEB4D6886498D /* Pods-Weather Gift.release.xcconfig */ = {isa = PBXFileReference; includeInIndex = 1; lastKnownFileType = text.xcconfig; name = "Pods-Weather Gift.release.xcconfig"; path = "Pods/Target Support Files/Pods-Weather Gift/Pods-Weather Gift.release.xcconfig"; sourceTree = "<group>"; };
		D609199F1F9EDB60005D27D0 /* WeatherLocation.swift */ = {isa = PBXFileReference; lastKnownFileType = sourcecode.swift; path = WeatherLocation.swift; sourceTree = "<group>"; };
		D60919A11F9F6E12005D27D0 /* Constants.swift */ = {isa = PBXFileReference; lastKnownFileType = sourcecode.swift; path = Constants.swift; sourceTree = "<group>"; };
		D619D0751F954143001693EB /* PageVC.swift */ = {isa = PBXFileReference; lastKnownFileType = sourcecode.swift; path = PageVC.swift; sourceTree = "<group>"; };
		D65661A41F94F138005CFDA8 /* Weather Gift.app */ = {isa = PBXFileReference; explicitFileType = wrapper.application; includeInIndex = 0; path = "Weather Gift.app"; sourceTree = BUILT_PRODUCTS_DIR; };
		D65661A71F94F138005CFDA8 /* AppDelegate.swift */ = {isa = PBXFileReference; lastKnownFileType = sourcecode.swift; path = AppDelegate.swift; sourceTree = "<group>"; };
		D65661AC1F94F138005CFDA8 /* Base */ = {isa = PBXFileReference; lastKnownFileType = file.storyboard; name = Base; path = Base.lproj/Main.storyboard; sourceTree = "<group>"; };
		D65661AE1F94F138005CFDA8 /* Assets.xcassets */ = {isa = PBXFileReference; lastKnownFileType = folder.assetcatalog; path = Assets.xcassets; sourceTree = "<group>"; };
		D65661B11F94F138005CFDA8 /* Base */ = {isa = PBXFileReference; lastKnownFileType = file.storyboard; name = Base; path = Base.lproj/LaunchScreen.storyboard; sourceTree = "<group>"; };
		D65661B31F94F138005CFDA8 /* Info.plist */ = {isa = PBXFileReference; lastKnownFileType = text.plist.xml; path = Info.plist; sourceTree = "<group>"; };
		D65661BB1F94F822005CFDA8 /* DetailVC.swift */ = {isa = PBXFileReference; lastKnownFileType = sourcecode.swift; path = DetailVC.swift; sourceTree = "<group>"; };
		D65661BD1F952581005CFDA8 /* ListVC.swift */ = {isa = PBXFileReference; lastKnownFileType = sourcecode.swift; path = ListVC.swift; sourceTree = "<group>"; };
		E18CEC069242FB704122ECA4 /* Pods-Weather Gift.debug.xcconfig */ = {isa = PBXFileReference; includeInIndex = 1; lastKnownFileType = text.xcconfig; name = "Pods-Weather Gift.debug.xcconfig"; path = "Pods/Target Support Files/Pods-Weather Gift/Pods-Weather Gift.debug.xcconfig"; sourceTree = "<group>"; };
/* End PBXFileReference section */

/* Begin PBXFrameworksBuildPhase section */
		D65661A11F94F138005CFDA8 /* Frameworks */ = {
			isa = PBXFrameworksBuildPhase;
			buildActionMask = 2147483647;
			files = (
				4E6E8F1F60FF032B9009A67F /* Pods_Weather_Gift.framework in Frameworks */,
			);
			runOnlyForDeploymentPostprocessing = 0;
		};
/* End PBXFrameworksBuildPhase section */

/* Begin PBXGroup section */
		3E5043FCC589BCF3DD5B9E2C /* Frameworks */ = {
			isa = PBXGroup;
			children = (
				4ACD73159C946DD1CFE9295A /* Pods_Weather_Gift.framework */,
			);
			name = Frameworks;
			sourceTree = "<group>";
		};
		8BED48F6020394B7CF5D4E80 /* Pods */ = {
			isa = PBXGroup;
			children = (
				E18CEC069242FB704122ECA4 /* Pods-Weather Gift.debug.xcconfig */,
				B7DD6EEB2D0FEB4D6886498D /* Pods-Weather Gift.release.xcconfig */,
			);
			name = Pods;
			sourceTree = "<group>";
		};
		D656619B1F94F138005CFDA8 = {
			isa = PBXGroup;
			children = (
				D65661A61F94F138005CFDA8 /* Weather Gift */,
				D65661A51F94F138005CFDA8 /* Products */,
				8BED48F6020394B7CF5D4E80 /* Pods */,
				3E5043FCC589BCF3DD5B9E2C /* Frameworks */,
			);
			sourceTree = "<group>";
		};
		D65661A51F94F138005CFDA8 /* Products */ = {
			isa = PBXGroup;
			children = (
				D65661A41F94F138005CFDA8 /* Weather Gift.app */,
			);
			name = Products;
			sourceTree = "<group>";
		};
		D65661A61F94F138005CFDA8 /* Weather Gift */ = {
			isa = PBXGroup;
			children = (
				D65661A71F94F138005CFDA8 /* AppDelegate.swift */,
				D609199F1F9EDB60005D27D0 /* WeatherLocation.swift */,
				D619D0751F954143001693EB /* PageVC.swift */,
				D65661BB1F94F822005CFDA8 /* DetailVC.swift */,
				D65661BD1F952581005CFDA8 /* ListVC.swift */,
				D60919A11F9F6E12005D27D0 /* Constants.swift */,
				D65661AB1F94F138005CFDA8 /* Main.storyboard */,
				D65661AE1F94F138005CFDA8 /* Assets.xcassets */,
				D65661B01F94F138005CFDA8 /* LaunchScreen.storyboard */,
				D65661B31F94F138005CFDA8 /* Info.plist */,
			);
			path = "Weather Gift";
			sourceTree = "<group>";
		};
/* End PBXGroup section */

/* Begin PBXNativeTarget section */
		D65661A31F94F138005CFDA8 /* Weather Gift */ = {
			isa = PBXNativeTarget;
			buildConfigurationList = D65661B61F94F138005CFDA8 /* Build configuration list for PBXNativeTarget "Weather Gift" */;
			buildPhases = (
				5EB548B5B187DFF6BDE6EE74 /* [CP] Check Pods Manifest.lock */,
				D65661A01F94F138005CFDA8 /* Sources */,
				D65661A11F94F138005CFDA8 /* Frameworks */,
				D65661A21F94F138005CFDA8 /* Resources */,
				551BBC17BF8AE19C9B567F22 /* [CP] Embed Pods Frameworks */,
				A0AE4382BCB8DA3158E002FD /* [CP] Copy Pods Resources */,
			);
			buildRules = (
			);
			dependencies = (
			);
			name = "Weather Gift";
			productName = "Weather Gift";
			productReference = D65661A41F94F138005CFDA8 /* Weather Gift.app */;
			productType = "com.apple.product-type.application";
		};
/* End PBXNativeTarget section */

/* Begin PBXProject section */
		D656619C1F94F138005CFDA8 /* Project object */ = {
			isa = PBXProject;
			attributes = {
				LastSwiftUpdateCheck = 0900;
				LastUpgradeCheck = 0900;
				ORGANIZATIONNAME = "Erin Boyle";
				TargetAttributes = {
					D65661A31F94F138005CFDA8 = {
						CreatedOnToolsVersion = 9.0;
						ProvisioningStyle = Automatic;
					};
				};
			};
			buildConfigurationList = D656619F1F94F138005CFDA8 /* Build configuration list for PBXProject "Weather Gift" */;
			compatibilityVersion = "Xcode 8.0";
			developmentRegion = en;
			hasScannedForEncodings = 0;
			knownRegions = (
				en,
				Base,
			);
			mainGroup = D656619B1F94F138005CFDA8;
			productRefGroup = D65661A51F94F138005CFDA8 /* Products */;
			projectDirPath = "";
			projectRoot = "";
			targets = (
				D65661A31F94F138005CFDA8 /* Weather Gift */,
			);
		};
/* End PBXProject section */

/* Begin PBXResourcesBuildPhase section */
		D65661A21F94F138005CFDA8 /* Resources */ = {
			isa = PBXResourcesBuildPhase;
			buildActionMask = 2147483647;
			files = (
				D65661B21F94F138005CFDA8 /* LaunchScreen.storyboard in Resources */,
				D65661AF1F94F138005CFDA8 /* Assets.xcassets in Resources */,
				D65661AD1F94F138005CFDA8 /* Main.storyboard in Resources */,
			);
			runOnlyForDeploymentPostprocessing = 0;
		};
/* End PBXResourcesBuildPhase section */

/* Begin PBXShellScriptBuildPhase section */
		551BBC17BF8AE19C9B567F22 /* [CP] Embed Pods Frameworks */ = {
			isa = PBXShellScriptBuildPhase;
			buildActionMask = 2147483647;
			files = (
			);
			inputPaths = (
				"${SRCROOT}/Pods/Target Support Files/Pods-Weather Gift/Pods-Weather Gift-frameworks.sh",
				"${BUILT_PRODUCTS_DIR}/Alamofire/Alamofire.framework",
				"${BUILT_PRODUCTS_DIR}/SwiftyJSON/SwiftyJSON.framework",
			);
			name = "[CP] Embed Pods Frameworks";
			outputPaths = (
				"${TARGET_BUILD_DIR}/${FRAMEWORKS_FOLDER_PATH}/Alamofire.framework",
				"${TARGET_BUILD_DIR}/${FRAMEWORKS_FOLDER_PATH}/SwiftyJSON.framework",
			);
			runOnlyForDeploymentPostprocessing = 0;
			shellPath = /bin/sh;
			shellScript = "\"${SRCROOT}/Pods/Target Support Files/Pods-Weather Gift/Pods-Weather Gift-frameworks.sh\"\n";
			showEnvVarsInLog = 0;
		};
		5EB548B5B187DFF6BDE6EE74 /* [CP] Check Pods Manifest.lock */ = {
			isa = PBXShellScriptBuildPhase;
			buildActionMask = 2147483647;
			files = (
			);
			inputPaths = (
				"${PODS_PODFILE_DIR_PATH}/Podfile.lock",
				"${PODS_ROOT}/Manifest.lock",
			);
			name = "[CP] Check Pods Manifest.lock";
			outputPaths = (
				"$(DERIVED_FILE_DIR)/Pods-Weather Gift-checkManifestLockResult.txt",
			);
			runOnlyForDeploymentPostprocessing = 0;
			shellPath = /bin/sh;
			shellScript = "diff \"${PODS_PODFILE_DIR_PATH}/Podfile.lock\" \"${PODS_ROOT}/Manifest.lock\" > /dev/null\nif [ $? != 0 ] ; then\n    # print error to STDERR\n    echo \"error: The sandbox is not in sync with the Podfile.lock. Run 'pod install' or update your CocoaPods installation.\" >&2\n    exit 1\nfi\n# This output is used by Xcode 'outputs' to avoid re-running this script phase.\necho \"SUCCESS\" > \"${SCRIPT_OUTPUT_FILE_0}\"\n";
			showEnvVarsInLog = 0;
		};
		A0AE4382BCB8DA3158E002FD /* [CP] Copy Pods Resources */ = {
			isa = PBXShellScriptBuildPhase;
			buildActionMask = 2147483647;
			files = (
			);
			inputPaths = (
				"${SRCROOT}/Pods/Target Support Files/Pods-Weather Gift/Pods-Weather Gift-resources.sh",
				"${PODS_ROOT}/GooglePlaces/Frameworks/GooglePlaces.framework/Resources/GooglePlaces.bundle",
			);
			name = "[CP] Copy Pods Resources";
			outputPaths = (
				"${TARGET_BUILD_DIR}/${UNLOCALIZED_RESOURCES_FOLDER_PATH}",
			);
			runOnlyForDeploymentPostprocessing = 0;
			shellPath = /bin/sh;
			shellScript = "\"${SRCROOT}/Pods/Target Support Files/Pods-Weather Gift/Pods-Weather Gift-resources.sh\"\n";
			showEnvVarsInLog = 0;
		};
/* End PBXShellScriptBuildPhase section */

/* Begin PBXSourcesBuildPhase section */
		D65661A01F94F138005CFDA8 /* Sources */ = {
			isa = PBXSourcesBuildPhase;
			buildActionMask = 2147483647;
			files = (
				D60919A01F9EDB60005D27D0 /* WeatherLocation.swift in Sources */,
				D65661BE1F952581005CFDA8 /* ListVC.swift in Sources */,
				D619D0761F954143001693EB /* PageVC.swift in Sources */,
				D65661A81F94F138005CFDA8 /* AppDelegate.swift in Sources */,
				D65661BC1F94F822005CFDA8 /* DetailVC.swift in Sources */,
				D60919A21F9F6E12005D27D0 /* Constants.swift in Sources */,
			);
			runOnlyForDeploymentPostprocessing = 0;
		};
/* End PBXSourcesBuildPhase section */

/* Begin PBXVariantGroup section */
		D65661AB1F94F138005CFDA8 /* Main.storyboard */ = {
			isa = PBXVariantGroup;
			children = (
				D65661AC1F94F138005CFDA8 /* Base */,
			);
			name = Main.storyboard;
			sourceTree = "<group>";
		};
		D65661B01F94F138005CFDA8 /* LaunchScreen.storyboard */ = {
			isa = PBXVariantGroup;
			children = (
				D65661B11F94F138005CFDA8 /* Base */,
			);
			name = LaunchScreen.storyboard;
			sourceTree = "<group>";
		};
/* End PBXVariantGroup section */

/* Begin XCBuildConfiguration section */
		D65661B41F94F138005CFDA8 /* Debug */ = {
			isa = XCBuildConfiguration;
			buildSettings = {
				ALWAYS_SEARCH_USER_PATHS = NO;
				CLANG_ANALYZER_NONNULL = YES;
				CLANG_ANALYZER_NUMBER_OBJECT_CONVERSION = YES_AGGRESSIVE;
				CLANG_CXX_LANGUAGE_STANDARD = "gnu++14";
				CLANG_CXX_LIBRARY = "libc++";
				CLANG_ENABLE_MODULES = YES;
				CLANG_ENABLE_OBJC_ARC = YES;
				CLANG_WARN_BLOCK_CAPTURE_AUTORELEASING = YES;
				CLANG_WARN_BOOL_CONVERSION = YES;
				CLANG_WARN_COMMA = YES;
				CLANG_WARN_CONSTANT_CONVERSION = YES;
				CLANG_WARN_DIRECT_OBJC_ISA_USAGE = YES_ERROR;
				CLANG_WARN_DOCUMENTATION_COMMENTS = YES;
				CLANG_WARN_EMPTY_BODY = YES;
				CLANG_WARN_ENUM_CONVERSION = YES;
				CLANG_WARN_INFINITE_RECURSION = YES;
				CLANG_WARN_INT_CONVERSION = YES;
				CLANG_WARN_NON_LITERAL_NULL_CONVERSION = YES;
				CLANG_WARN_OBJC_LITERAL_CONVERSION = YES;
				CLANG_WARN_OBJC_ROOT_CLASS = YES_ERROR;
				CLANG_WARN_RANGE_LOOP_ANALYSIS = YES;
				CLANG_WARN_STRICT_PROTOTYPES = YES;
				CLANG_WARN_SUSPICIOUS_MOVE = YES;
				CLANG_WARN_UNGUARDED_AVAILABILITY = YES_AGGRESSIVE;
				CLANG_WARN_UNREACHABLE_CODE = YES;
				CLANG_WARN__DUPLICATE_METHOD_MATCH = YES;
				CODE_SIGN_IDENTITY = "iPhone Developer";
				COPY_PHASE_STRIP = NO;
				DEBUG_INFORMATION_FORMAT = dwarf;
				ENABLE_STRICT_OBJC_MSGSEND = YES;
				ENABLE_TESTABILITY = YES;
				GCC_C_LANGUAGE_STANDARD = gnu11;
				GCC_DYNAMIC_NO_PIC = NO;
				GCC_NO_COMMON_BLOCKS = YES;
				GCC_OPTIMIZATION_LEVEL = 0;
				GCC_PREPROCESSOR_DEFINITIONS = (
					"DEBUG=1",
					"$(inherited)",
				);
				GCC_WARN_64_TO_32_BIT_CONVERSION = YES;
				GCC_WARN_ABOUT_RETURN_TYPE = YES_ERROR;
				GCC_WARN_UNDECLARED_SELECTOR = YES;
				GCC_WARN_UNINITIALIZED_AUTOS = YES_AGGRESSIVE;
				GCC_WARN_UNUSED_FUNCTION = YES;
				GCC_WARN_UNUSED_VARIABLE = YES;
				IPHONEOS_DEPLOYMENT_TARGET = 11.0;
				MTL_ENABLE_DEBUG_INFO = YES;
				ONLY_ACTIVE_ARCH = YES;
				SDKROOT = iphoneos;
				SWIFT_ACTIVE_COMPILATION_CONDITIONS = DEBUG;
				SWIFT_OPTIMIZATION_LEVEL = "-Onone";
			};
			name = Debug;
		};
		D65661B51F94F138005CFDA8 /* Release */ = {
			isa = XCBuildConfiguration;
			buildSettings = {
				ALWAYS_SEARCH_USER_PATHS = NO;
				CLANG_ANALYZER_NONNULL = YES;
				CLANG_ANALYZER_NUMBER_OBJECT_CONVERSION = YES_AGGRESSIVE;
				CLANG_CXX_LANGUAGE_STANDARD = "gnu++14";
				CLANG_CXX_LIBRARY = "libc++";
				CLANG_ENABLE_MODULES = YES;
				CLANG_ENABLE_OBJC_ARC = YES;
				CLANG_WARN_BLOCK_CAPTURE_AUTORELEASING = YES;
				CLANG_WARN_BOOL_CONVERSION = YES;
				CLANG_WARN_COMMA = YES;
				CLANG_WARN_CONSTANT_CONVERSION = YES;
				CLANG_WARN_DIRECT_OBJC_ISA_USAGE = YES_ERROR;
				CLANG_WARN_DOCUMENTATION_COMMENTS = YES;
				CLANG_WARN_EMPTY_BODY = YES;
				CLANG_WARN_ENUM_CONVERSION = YES;
				CLANG_WARN_INFINITE_RECURSION = YES;
				CLANG_WARN_INT_CONVERSION = YES;
				CLANG_WARN_NON_LITERAL_NULL_CONVERSION = YES;
				CLANG_WARN_OBJC_LITERAL_CONVERSION = YES;
				CLANG_WARN_OBJC_ROOT_CLASS = YES_ERROR;
				CLANG_WARN_RANGE_LOOP_ANALYSIS = YES;
				CLANG_WARN_STRICT_PROTOTYPES = YES;
				CLANG_WARN_SUSPICIOUS_MOVE = YES;
				CLANG_WARN_UNGUARDED_AVAILABILITY = YES_AGGRESSIVE;
				CLANG_WARN_UNREACHABLE_CODE = YES;
				CLANG_WARN__DUPLICATE_METHOD_MATCH = YES;
				CODE_SIGN_IDENTITY = "iPhone Developer";
				COPY_PHASE_STRIP = NO;
				DEBUG_INFORMATION_FORMAT = "dwarf-with-dsym";
				ENABLE_NS_ASSERTIONS = NO;
				ENABLE_STRICT_OBJC_MSGSEND = YES;
				GCC_C_LANGUAGE_STANDARD = gnu11;
				GCC_NO_COMMON_BLOCKS = YES;
				GCC_WARN_64_TO_32_BIT_CONVERSION = YES;
				GCC_WARN_ABOUT_RETURN_TYPE = YES_ERROR;
				GCC_WARN_UNDECLARED_SELECTOR = YES;
				GCC_WARN_UNINITIALIZED_AUTOS = YES_AGGRESSIVE;
				GCC_WARN_UNUSED_FUNCTION = YES;
				GCC_WARN_UNUSED_VARIABLE = YES;
				IPHONEOS_DEPLOYMENT_TARGET = 11.0;
				MTL_ENABLE_DEBUG_INFO = NO;
				SDKROOT = iphoneos;
				SWIFT_OPTIMIZATION_LEVEL = "-Owholemodule";
				VALIDATE_PRODUCT = YES;
			};
			name = Release;
		};
		D65661B71F94F138005CFDA8 /* Debug */ = {
			isa = XCBuildConfiguration;
			baseConfigurationReference = E18CEC069242FB704122ECA4 /* Pods-Weather Gift.debug.xcconfig */;
			buildSettings = {
				ASSETCATALOG_COMPILER_APPICON_NAME = AppIcon;
				CODE_SIGN_STYLE = Automatic;
				DEVELOPMENT_TEAM = BJ85PUXAS2;
				INFOPLIST_FILE = "Weather Gift/Info.plist";
				IPHONEOS_DEPLOYMENT_TARGET = 11.0;
				LD_RUNPATH_SEARCH_PATHS = "$(inherited) @executable_path/Frameworks";
				PRODUCT_BUNDLE_IDENTIFIER = "com.boyle.Weather-Gift";
				PRODUCT_NAME = "$(TARGET_NAME)";
				SWIFT_VERSION = 4.0;
				TARGETED_DEVICE_FAMILY = "1,2";
			};
			name = Debug;
		};
		D65661B81F94F138005CFDA8 /* Release */ = {
			isa = XCBuildConfiguration;
			baseConfigurationReference = B7DD6EEB2D0FEB4D6886498D /* Pods-Weather Gift.release.xcconfig */;
			buildSettings = {
				ASSETCATALOG_COMPILER_APPICON_NAME = AppIcon;
				CODE_SIGN_STYLE = Automatic;
				DEVELOPMENT_TEAM = BJ85PUXAS2;
				INFOPLIST_FILE = "Weather Gift/Info.plist";
				IPHONEOS_DEPLOYMENT_TARGET = 11.0;
				LD_RUNPATH_SEARCH_PATHS = "$(inherited) @executable_path/Frameworks";
				PRODUCT_BUNDLE_IDENTIFIER = "com.boyle.Weather-Gift";
				PRODUCT_NAME = "$(TARGET_NAME)";
				SWIFT_VERSION = 4.0;
				TARGETED_DEVICE_FAMILY = "1,2";
			};
			name = Release;
		};
/* End XCBuildConfiguration section */

/* Begin XCConfigurationList section */
		D656619F1F94F138005CFDA8 /* Build configuration list for PBXProject "Weather Gift" */ = {
			isa = XCConfigurationList;
			buildConfigurations = (
				D65661B41F94F138005CFDA8 /* Debug */,
				D65661B51F94F138005CFDA8 /* Release */,
			);
			defaultConfigurationIsVisible = 0;
			defaultConfigurationName = Release;
		};
		D65661B61F94F138005CFDA8 /* Build configuration list for PBXNativeTarget "Weather Gift" */ = {
			isa = XCConfigurationList;
			buildConfigurations = (
				D65661B71F94F138005CFDA8 /* Debug */,
				D65661B81F94F138005CFDA8 /* Release */,
			);
			defaultConfigurationIsVisible = 0;
			defaultConfigurationName = Release;
		};
/* End XCConfigurationList section */
	};
	rootObject = D656619C1F94F138005CFDA8 /* Project object */;
}
